PODS:
  - AFNetworking (3.1.0):
    - AFNetworking/NSURLSession (= 3.1.0)
    - AFNetworking/Reachability (= 3.1.0)
    - AFNetworking/Security (= 3.1.0)
    - AFNetworking/Serialization (= 3.1.0)
    - AFNetworking/UIKit (= 3.1.0)
  - AFNetworking/NSURLSession (3.1.0):
    - AFNetworking/Reachability
    - AFNetworking/Security
    - AFNetworking/Serialization
  - AFNetworking/Reachability (3.1.0)
  - AFNetworking/Security (3.1.0)
  - AFNetworking/Serialization (3.1.0)
  - AFNetworking/UIKit (3.1.0):
    - AFNetworking/NSURLSession
  - RBEFireworks (1.0.0):
    - AFNetworking (~> 3.0)

DEPENDENCIES:
  - RBEFireworks

SPEC CHECKSUMS:
  AFNetworking: 5e0e199f73d8626b11e79750991f5d173d1f8b67
  RBEFireworks: 1d6cb3ad018183e5a7469a2097a6ef0f4370fab9

PODFILE CHECKSUM: 6961b2e49dbb62986e9a7b274ad184317e9ac46b

COCOAPODS: 1.1.0.beta.1
